{
  "originHash" : "7581e27592f3ae26d215d58695720c6d43916014cd82eba35428bdf81c18bb15",
  "pins" : [
    {
      "identity" : "swift-log",
      "kind" : "remoteSourceControl",
      "location" : "https://github.com/apple/swift-log.git",
      "state" : {
        "revision" : "ce592ae52f982c847a4efc0dd881cc9eb32d29f2",
        "version" : "1.6.4"
      }
    },
    {
      "identity" : "wrkstrmlog",
      "kind" : "remoteSourceControl",
      "location" : "https://github.com/wrkstrm/WrkstrmLog.git",
      "state" : {
        "revision" : "806397e6be76ca05033adf9b4b8f9181ba713071",
        "version" : "1.2.1"
      }
    }
  ],
  "version" : 3
}
